
Microsoft Visual Studio Solution File, Format Version 12.00
# Visual Studio Version 17
VisualStudioVersion = 17.8.34316.72
MinimumVisualStudioVersion = 10.0.40219.1
Project("{9A19103F-16F7-4668-BE54-9A1E7A4F7556}") = "MattiasHandel-FullStack", "MattiasHandel-FullStack.csproj", "{AB3C04E4-E211-4A73-BD2D-C309E23E1F10}"
EndProject
Global
	GlobalSection(SolutionConfigurationPlatforms) = preSolution
		Debug|Any CPU = Debug|Any CPU
		Release|Any CPU = Release|Any CPU
	EndGlobalSection
	GlobalSection(ProjectConfigurationPlatforms) = postSolution
		{AB3C04E4-E211-4A73-BD2D-C309E23E1F10}.Debug|Any CPU.ActiveCfg = Debug|Any CPU
		{AB3C04E4-E211-4A73-BD2D-C309E23E1F10}.Debug|Any CPU.Build.0 = Debug|Any CPU
		{AB3C04E4-E211-4A73-BD2D-C309E23E1F10}.Release|Any CPU.ActiveCfg = Release|Any CPU
		{AB3C04E4-E211-4A73-BD2D-C309E23E1F10}.Release|Any CPU.Build.0 = Release|Any CPU
	EndGlobalSection
	GlobalSection(SolutionProperties) = preSolution
		HideSolutionNode = FALSE
	EndGlobalSection
	GlobalSection(ExtensibilityGlobals) = postSolution
		SolutionGuid = {1547BA2B-0B65-443E-9846-CE170FE5641E}
	EndGlobalSection
EndGlobal
